
Microsoft Visual Studio Solution File, Format Version 12.00
# Visual Studio 15
VisualStudioVersion = 15.0.26124.0
MinimumVisualStudioVersion = 15.0.26124.0
Project("{9A19103F-16F7-4668-BE54-9A1E7A4F7556}") = "RestHelper", "RestHelper\RestHelper.csproj", "{61D71B0F-79A4-4469-ACE8-8DC717498273}"
EndProject
Project("{9A19103F-16F7-4668-BE54-9A1E7A4F7556}") = "RestHelper.Test", "RestHelper.Test\RestHelper.Test.csproj", "{E9BD2680-BC54-4A07-985B-5408B261E6F5}"
EndProject
Global
	GlobalSection(SolutionConfigurationPlatforms) = preSolution
		Debug|Any CPU = Debug|Any CPU
		Debug|x64 = Debug|x64
		Debug|x86 = Debug|x86
		Release|Any CPU = Release|Any CPU
		Release|x64 = Release|x64
		Release|x86 = Release|x86
	EndGlobalSection
	GlobalSection(ProjectConfigurationPlatforms) = postSolution
		{61D71B0F-79A4-4469-ACE8-8DC717498273}.Debug|Any CPU.ActiveCfg = Debug|Any CPU
		{61D71B0F-79A4-4469-ACE8-8DC717498273}.Debug|Any CPU.Build.0 = Debug|Any CPU
		{61D71B0F-79A4-4469-ACE8-8DC717498273}.Debug|x64.ActiveCfg = Debug|Any CPU
		{61D71B0F-79A4-4469-ACE8-8DC717498273}.Debug|x64.Build.0 = Debug|Any CPU
		{61D71B0F-79A4-4469-ACE8-8DC717498273}.Debug|x86.ActiveCfg = Debug|Any CPU
		{61D71B0F-79A4-4469-ACE8-8DC717498273}.Debug|x86.Build.0 = Debug|Any CPU
		{61D71B0F-79A4-4469-ACE8-8DC717498273}.Release|Any CPU.ActiveCfg = Release|Any CPU
		{61D71B0F-79A4-4469-ACE8-8DC717498273}.Release|Any CPU.Build.0 = Release|Any CPU
		{61D71B0F-79A4-4469-ACE8-8DC717498273}.Release|x64.ActiveCfg = Release|Any CPU
		{61D71B0F-79A4-4469-ACE8-8DC717498273}.Release|x64.Build.0 = Release|Any CPU
		{61D71B0F-79A4-4469-ACE8-8DC717498273}.Release|x86.ActiveCfg = Release|Any CPU
		{61D71B0F-79A4-4469-ACE8-8DC717498273}.Release|x86.Build.0 = Release|Any CPU
		{E9BD2680-BC54-4A07-985B-5408B261E6F5}.Debug|Any CPU.ActiveCfg = Debug|Any CPU
		{E9BD2680-BC54-4A07-985B-5408B261E6F5}.Debug|Any CPU.Build.0 = Debug|Any CPU
		{E9BD2680-BC54-4A07-985B-5408B261E6F5}.Debug|x64.ActiveCfg = Debug|Any CPU
		{E9BD2680-BC54-4A07-985B-5408B261E6F5}.Debug|x64.Build.0 = Debug|Any CPU
		{E9BD2680-BC54-4A07-985B-5408B261E6F5}.Debug|x86.ActiveCfg = Debug|Any CPU
		{E9BD2680-BC54-4A07-985B-5408B261E6F5}.Debug|x86.Build.0 = Debug|Any CPU
		{E9BD2680-BC54-4A07-985B-5408B261E6F5}.Release|Any CPU.ActiveCfg = Release|Any CPU
		{E9BD2680-BC54-4A07-985B-5408B261E6F5}.Release|Any CPU.Build.0 = Release|Any CPU
		{E9BD2680-BC54-4A07-985B-5408B261E6F5}.Release|x64.ActiveCfg = Release|Any CPU
		{E9BD2680-BC54-4A07-985B-5408B261E6F5}.Release|x64.Build.0 = Release|Any CPU
		{E9BD2680-BC54-4A07-985B-5408B261E6F5}.Release|x86.ActiveCfg = Release|Any CPU
		{E9BD2680-BC54-4A07-985B-5408B261E6F5}.Release|x86.Build.0 = Release|Any CPU
	EndGlobalSection
	GlobalSection(SolutionProperties) = preSolution
		HideSolutionNode = FALSE
	EndGlobalSection
	GlobalSection(ExtensibilityGlobals) = postSolution
		SolutionGuid = {F9F4BC29-280C-4ED9-BFC6-1BE094C0B12D}
	EndGlobalSection
EndGlobal
